// !$*UTF8*$!
{
	archiveVersion = 1;
	classes = {
	};
	objectVersion = 56;
	objects = {

/* Begin PBXBuildFile section */
		6825A11329C410A000D08755 /* BluetoothDevice.swift in Sources */ = {isa = PBXBuildFile; fileRef = 6825A11229C410A000D08755 /* BluetoothDevice.swift */; };
		6825A11529C43A8700D08755 /* BaseBluetoothManager.swift in Sources */ = {isa = PBXBuildFile; fileRef = 6825A11429C43A8600D08755 /* BaseBluetoothManager.swift */; };
		686FA3B629BACAA800DDC5A6 /* SamUtils.h in Headers */ = {isa = PBXBuildFile; fileRef = 686FA3B529BACAA800DDC5A6 /* SamUtils.h */; settings = {ATTRIBUTES = (Public, ); }; };
		686FA43929BACF6000DDC5A6 /* AVAudioPCMBufferExtension.swift in Sources */ = {isa = PBXBuildFile; fileRef = 686FA43329BACF6000DDC5A6 /* AVAudioPCMBufferExtension.swift */; };
		686FA43A29BACF6000DDC5A6 /* UITextFieldExtension.swift in Sources */ = {isa = PBXBuildFile; fileRef = 686FA43429BACF6000DDC5A6 /* UITextFieldExtension.swift */; };
		686FA43C29BACF6000DDC5A6 /* UIViewControllerExtension.swift in Sources */ = {isa = PBXBuildFile; fileRef = 686FA43629BACF6000DDC5A6 /* UIViewControllerExtension.swift */; };
		686FA43D29BACF6000DDC5A6 /* DataExtension.swift in Sources */ = {isa = PBXBuildFile; fileRef = 686FA43729BACF6000DDC5A6 /* DataExtension.swift */; };
		686FA44029BAD5C400DDC5A6 /* GlobalUtils.swift in Sources */ = {isa = PBXBuildFile; fileRef = 686FA43F29BAD5C400DDC5A6 /* GlobalUtils.swift */; };
		686FA44229BAD81800DDC5A6 /* BaseAPI.swift in Sources */ = {isa = PBXBuildFile; fileRef = 686FA44129BAD81800DDC5A6 /* BaseAPI.swift */; };
		686FA44529BADB2700DDC5A6 /* ResponseErrorModel.swift in Sources */ = {isa = PBXBuildFile; fileRef = 686FA44429BADB2700DDC5A6 /* ResponseErrorModel.swift */; };
		68C6D08229EE7D4900022D89 /* UITableViewExtension.swift in Sources */ = {isa = PBXBuildFile; fileRef = 68C6D08129EE7D4900022D89 /* UITableViewExtension.swift */; };
		68CDB64E29C04AB60076DAEB /* UIViewExtension.swift in Sources */ = {isa = PBXBuildFile; fileRef = 68CDB64D29C04AB60076DAEB /* UIViewExtension.swift */; };
		68CDB65229C04AE70076DAEB /* UIWindowExtension.swift in Sources */ = {isa = PBXBuildFile; fileRef = 68CDB64F29C04AE70076DAEB /* UIWindowExtension.swift */; };
		68CDB65429C04AFF0076DAEB /* UIntExtension.swift in Sources */ = {isa = PBXBuildFile; fileRef = 68CDB65329C04AFF0076DAEB /* UIntExtension.swift */; };
		68CDB65629C04B200076DAEB /* StringExtension.swift in Sources */ = {isa = PBXBuildFile; fileRef = 68CDB65529C04B200076DAEB /* StringExtension.swift */; };
		68E46E9329D1281400E6B3B7 /* UserDefaultsExtension.swift in Sources */ = {isa = PBXBuildFile; fileRef = 68E46E9229D1281400E6B3B7 /* UserDefaultsExtension.swift */; };
		68E46E9429D1281400E6B3B7 /* DoubleExtension.swift in Sources */ = {isa = PBXBuildFile; fileRef = 68E46E9129D1281400E6B3B7 /* DoubleExtension.swift */; };
		7AFE4F9AEB891BD6A29AD5D7 /* Pods_SamUtils.framework in Frameworks */ = {isa = PBXBuildFile; fileRef = 95471CBE9EFFAADFAEDC7C49 /* Pods_SamUtils.framework */; };
/* End PBXBuildFile section */

/* Begin PBXFileReference section */
		4AFAC1AE96C553CC675B1586 /* Pods-SamUtils.release.xcconfig */ = {isa = PBXFileReference; includeInIndex = 1; lastKnownFileType = text.xcconfig; name = "Pods-SamUtils.release.xcconfig"; path = "Target Support Files/Pods-SamUtils/Pods-SamUtils.release.xcconfig"; sourceTree = "<group>"; };
		6825A11229C410A000D08755 /* BluetoothDevice.swift */ = {isa = PBXFileReference; lastKnownFileType = sourcecode.swift; path = BluetoothDevice.swift; sourceTree = "<group>"; };
		6825A11429C43A8600D08755 /* BaseBluetoothManager.swift */ = {isa = PBXFileReference; fileEncoding = 4; lastKnownFileType = sourcecode.swift; path = BaseBluetoothManager.swift; sourceTree = "<group>"; };
		683F4E2029F91E6400C2D5E9 /* SwiftUIExtension.swift */ = {isa = PBXFileReference; lastKnownFileType = sourcecode.swift; path = SwiftUIExtension.swift; sourceTree = "<group>"; };
		686FA3B229BACAA800DDC5A6 /* SamUtils.framework */ = {isa = PBXFileReference; explicitFileType = wrapper.framework; includeInIndex = 0; path = SamUtils.framework; sourceTree = BUILT_PRODUCTS_DIR; };
		686FA3B529BACAA800DDC5A6 /* SamUtils.h */ = {isa = PBXFileReference; lastKnownFileType = sourcecode.c.h; path = SamUtils.h; sourceTree = "<group>"; };
		686FA43329BACF6000DDC5A6 /* AVAudioPCMBufferExtension.swift */ = {isa = PBXFileReference; fileEncoding = 4; lastKnownFileType = sourcecode.swift; path = AVAudioPCMBufferExtension.swift; sourceTree = "<group>"; };
		686FA43429BACF6000DDC5A6 /* UITextFieldExtension.swift */ = {isa = PBXFileReference; fileEncoding = 4; lastKnownFileType = sourcecode.swift; path = UITextFieldExtension.swift; sourceTree = "<group>"; };
		686FA43629BACF6000DDC5A6 /* UIViewControllerExtension.swift */ = {isa = PBXFileReference; fileEncoding = 4; lastKnownFileType = sourcecode.swift; path = UIViewControllerExtension.swift; sourceTree = "<group>"; };
		686FA43729BACF6000DDC5A6 /* DataExtension.swift */ = {isa = PBXFileReference; fileEncoding = 4; lastKnownFileType = sourcecode.swift; path = DataExtension.swift; sourceTree = "<group>"; };
		686FA43F29BAD5C400DDC5A6 /* GlobalUtils.swift */ = {isa = PBXFileReference; lastKnownFileType = sourcecode.swift; path = GlobalUtils.swift; sourceTree = "<group>"; };
		686FA44129BAD81800DDC5A6 /* BaseAPI.swift */ = {isa = PBXFileReference; fileEncoding = 4; lastKnownFileType = sourcecode.swift; path = BaseAPI.swift; sourceTree = "<group>"; };
		686FA44429BADB2700DDC5A6 /* ResponseErrorModel.swift */ = {isa = PBXFileReference; lastKnownFileType = sourcecode.swift; path = ResponseErrorModel.swift; sourceTree = "<group>"; };
		6895037B2A2DD27A0098A3D8 /* DrawnImageView.swift */ = {isa = PBXFileReference; lastKnownFileType = sourcecode.swift; path = DrawnImageView.swift; sourceTree = "<group>"; };
		68C6D08129EE7D4900022D89 /* UITableViewExtension.swift */ = {isa = PBXFileReference; lastKnownFileType = sourcecode.swift; path = UITableViewExtension.swift; sourceTree = "<group>"; };
		68CDB64D29C04AB60076DAEB /* UIViewExtension.swift */ = {isa = PBXFileReference; lastKnownFileType = sourcecode.swift; path = UIViewExtension.swift; sourceTree = "<group>"; };
		68CDB64F29C04AE70076DAEB /* UIWindowExtension.swift */ = {isa = PBXFileReference; lastKnownFileType = sourcecode.swift; path = UIWindowExtension.swift; sourceTree = "<group>"; };
		68CDB65329C04AFF0076DAEB /* UIntExtension.swift */ = {isa = PBXFileReference; lastKnownFileType = sourcecode.swift; path = UIntExtension.swift; sourceTree = "<group>"; };
		68CDB65529C04B200076DAEB /* StringExtension.swift */ = {isa = PBXFileReference; lastKnownFileType = sourcecode.swift; path = StringExtension.swift; sourceTree = "<group>"; };
		68E46E9129D1281400E6B3B7 /* DoubleExtension.swift */ = {isa = PBXFileReference; lastKnownFileType = sourcecode.swift; path = DoubleExtension.swift; sourceTree = "<group>"; };
		68E46E9229D1281400E6B3B7 /* UserDefaultsExtension.swift */ = {isa = PBXFileReference; lastKnownFileType = sourcecode.swift; path = UserDefaultsExtension.swift; sourceTree = "<group>"; };
		95471CBE9EFFAADFAEDC7C49 /* Pods_SamUtils.framework */ = {isa = PBXFileReference; explicitFileType = wrapper.framework; includeInIndex = 0; path = Pods_SamUtils.framework; sourceTree = BUILT_PRODUCTS_DIR; };
		A083BE52F5E9A089EB32391C /* Pods-SamUtils.debug.xcconfig */ = {isa = PBXFileReference; includeInIndex = 1; lastKnownFileType = text.xcconfig; name = "Pods-SamUtils.debug.xcconfig"; path = "Target Support Files/Pods-SamUtils/Pods-SamUtils.debug.xcconfig"; sourceTree = "<group>"; };
/* End PBXFileReference section */

/* Begin PBXFrameworksBuildPhase section */
		686FA3AF29BACAA800DDC5A6 /* Frameworks */ = {
			isa = PBXFrameworksBuildPhase;
			buildActionMask = 2147483647;
			files = (
				7AFE4F9AEB891BD6A29AD5D7 /* Pods_SamUtils.framework in Frameworks */,
			);
			runOnlyForDeploymentPostprocessing = 0;
		};
/* End PBXFrameworksBuildPhase section */

/* Begin PBXGroup section */
		3E15F4EF2B3FBE038B32C3AB /* Pods */ = {
			isa = PBXGroup;
			children = (
				A083BE52F5E9A089EB32391C /* Pods-SamUtils.debug.xcconfig */,
				4AFAC1AE96C553CC675B1586 /* Pods-SamUtils.release.xcconfig */,
			);
			path = Pods;
			sourceTree = "<group>";
		};
		59751B563DEFA1DED6112866 /* Frameworks */ = {
			isa = PBXGroup;
			children = (
				95471CBE9EFFAADFAEDC7C49 /* Pods_SamUtils.framework */,
			);
			name = Frameworks;
			sourceTree = "<group>";
		};
		6825A10F29C40F2800D08755 /* Bluetooth */ = {
			isa = PBXGroup;
			children = (
				6825A11429C43A8600D08755 /* BaseBluetoothManager.swift */,
				6825A11229C410A000D08755 /* BluetoothDevice.swift */,
			);
			path = Bluetooth;
			sourceTree = "<group>";
		};
		686FA3A829BACAA800DDC5A6 = {
			isa = PBXGroup;
			children = (
				686FA3B429BACAA800DDC5A6 /* SamUtils */,
				686FA3B329BACAA800DDC5A6 /* Products */,
				3E15F4EF2B3FBE038B32C3AB /* Pods */,
				59751B563DEFA1DED6112866 /* Frameworks */,
			);
			sourceTree = "<group>";
		};
		686FA3B329BACAA800DDC5A6 /* Products */ = {
			isa = PBXGroup;
			children = (
				686FA3B229BACAA800DDC5A6 /* SamUtils.framework */,
			);
			name = Products;
			sourceTree = "<group>";
		};
		686FA3B429BACAA800DDC5A6 /* SamUtils */ = {
			isa = PBXGroup;
			children = (
				686FA3B529BACAA800DDC5A6 /* SamUtils.h */,
				686FA43F29BAD5C400DDC5A6 /* GlobalUtils.swift */,
				686FA44329BADB0B00DDC5A6 /* API */,
				686FA43229BACF0200DDC5A6 /* Extensions */,
				6825A10F29C40F2800D08755 /* Bluetooth */,
				68E46E8E29D127C700E6B3B7 /* SwiftUITools */,
				6895037A2A2DD25D0098A3D8 /* DrawImageView */,
			);
			path = SamUtils;
			sourceTree = "<group>";
		};
		686FA43229BACF0200DDC5A6 /* Extensions */ = {
			isa = PBXGroup;
			children = (
				68E46E9129D1281400E6B3B7 /* DoubleExtension.swift */,
				68E46E9229D1281400E6B3B7 /* UserDefaultsExtension.swift */,
				686FA43329BACF6000DDC5A6 /* AVAudioPCMBufferExtension.swift */,
				686FA43729BACF6000DDC5A6 /* DataExtension.swift */,
				686FA43429BACF6000DDC5A6 /* UITextFieldExtension.swift */,
				686FA43629BACF6000DDC5A6 /* UIViewControllerExtension.swift */,
				68C6D08129EE7D4900022D89 /* UITableViewExtension.swift */,
				68CDB64D29C04AB60076DAEB /* UIViewExtension.swift */,
				68CDB64F29C04AE70076DAEB /* UIWindowExtension.swift */,
				68CDB65329C04AFF0076DAEB /* UIntExtension.swift */,
				68CDB65529C04B200076DAEB /* StringExtension.swift */,
			);
			path = Extensions;
			sourceTree = "<group>";
		};
		686FA44329BADB0B00DDC5A6 /* API */ = {
			isa = PBXGroup;
			children = (
				686FA44129BAD81800DDC5A6 /* BaseAPI.swift */,
				686FA44429BADB2700DDC5A6 /* ResponseErrorModel.swift */,
			);
			path = API;
			sourceTree = "<group>";
		};
		6895037A2A2DD25D0098A3D8 /* DrawImageView */ = {
			isa = PBXGroup;
			children = (
				6895037B2A2DD27A0098A3D8 /* DrawnImageView.swift */,
			);
			path = DrawImageView;
			sourceTree = "<group>";
		};
		68E46E8E29D127C700E6B3B7 /* SwiftUITools */ = {
			isa = PBXGroup;
			children = (
				68E46E8F29D127E300E6B3B7 /* Extensions */,
			);
			path = SwiftUITools;
			sourceTree = "<group>";
		};
		68E46E8F29D127E300E6B3B7 /* Extensions */ = {
			isa = PBXGroup;
			children = (
				683F4E2029F91E6400C2D5E9 /* SwiftUIExtension.swift */,
			);
			path = Extensions;
			sourceTree = "<group>";
		};
/* End PBXGroup section */

/* Begin PBXHeadersBuildPhase section */
		686FA3AD29BACAA800DDC5A6 /* Headers */ = {
			isa = PBXHeadersBuildPhase;
			buildActionMask = 2147483647;
			files = (
				686FA3B629BACAA800DDC5A6 /* SamUtils.h in Headers */,
			);
			runOnlyForDeploymentPostprocessing = 0;
		};
/* End PBXHeadersBuildPhase section */

/* Begin PBXNativeTarget section */
		686FA3B129BACAA800DDC5A6 /* SamUtils */ = {
			isa = PBXNativeTarget;
			buildConfigurationList = 686FA3B929BACAA800DDC5A6 /* Build configuration list for PBXNativeTarget "SamUtils" */;
			buildPhases = (
				685C6FD0DB012CC635FBD091 /* [CP] Check Pods Manifest.lock */,
				686FA3AD29BACAA800DDC5A6 /* Headers */,
				686FA3AE29BACAA800DDC5A6 /* Sources */,
				686FA3AF29BACAA800DDC5A6 /* Frameworks */,
				686FA3B029BACAA800DDC5A6 /* Resources */,
			);
			buildRules = (
			);
			dependencies = (
			);
			name = SamUtils;
			productName = SamUtils;
			productReference = 686FA3B229BACAA800DDC5A6 /* SamUtils.framework */;
			productType = "com.apple.product-type.framework";
		};
/* End PBXNativeTarget section */

/* Begin PBXProject section */
		686FA3A929BACAA800DDC5A6 /* Project object */ = {
			isa = PBXProject;
			attributes = {
				BuildIndependentTargetsInParallel = 1;
				LastUpgradeCheck = 1420;
				TargetAttributes = {
					686FA3B129BACAA800DDC5A6 = {
						CreatedOnToolsVersion = 14.2;
						LastSwiftMigration = 1420;
					};
				};
			};
			buildConfigurationList = 686FA3AC29BACAA800DDC5A6 /* Build configuration list for PBXProject "SamUtils" */;
			compatibilityVersion = "Xcode 14.0";
			developmentRegion = en;
			hasScannedForEncodings = 0;
			knownRegions = (
				en,
				Base,
			);
			mainGroup = 686FA3A829BACAA800DDC5A6;
			productRefGroup = 686FA3B329BACAA800DDC5A6 /* Products */;
			projectDirPath = "";
			projectRoot = "";
			targets = (
				686FA3B129BACAA800DDC5A6 /* SamUtils */,
			);
		};
/* End PBXProject section */

/* Begin PBXResourcesBuildPhase section */
		686FA3B029BACAA800DDC5A6 /* Resources */ = {
			isa = PBXResourcesBuildPhase;
			buildActionMask = 2147483647;
			files = (
			);
			runOnlyForDeploymentPostprocessing = 0;
		};
/* End PBXResourcesBuildPhase section */

/* Begin PBXShellScriptBuildPhase section */
		685C6FD0DB012CC635FBD091 /* [CP] Check Pods Manifest.lock */ = {
			isa = PBXShellScriptBuildPhase;
			buildActionMask = 2147483647;
			files = (
			);
			inputFileListPaths = (
			);
			inputPaths = (
				"${PODS_PODFILE_DIR_PATH}/Podfile.lock",
				"${PODS_ROOT}/Manifest.lock",
			);
			name = "[CP] Check Pods Manifest.lock";
			outputFileListPaths = (
			);
			outputPaths = (
				"$(DERIVED_FILE_DIR)/Pods-SamUtils-checkManifestLockResult.txt",
			);
			runOnlyForDeploymentPostprocessing = 0;
			shellPath = /bin/sh;
			shellScript = "diff \"${PODS_PODFILE_DIR_PATH}/Podfile.lock\" \"${PODS_ROOT}/Manifest.lock\" > /dev/null\nif [ $? != 0 ] ; then\n    # print error to STDERR\n    echo \"error: The sandbox is not in sync with the Podfile.lock. Run 'pod install' or update your CocoaPods installation.\" >&2\n    exit 1\nfi\n# This output is used by Xcode 'outputs' to avoid re-running this script phase.\necho \"SUCCESS\" > \"${SCRIPT_OUTPUT_FILE_0}\"\n";
			showEnvVarsInLog = 0;
		};
/* End PBXShellScriptBuildPhase section */

/* Begin PBXSourcesBuildPhase section */
		686FA3AE29BACAA800DDC5A6 /* Sources */ = {
			isa = PBXSourcesBuildPhase;
			buildActionMask = 2147483647;
			files = (
				68E46E9429D1281400E6B3B7 /* DoubleExtension.swift in Sources */,
				686FA43C29BACF6000DDC5A6 /* UIViewControllerExtension.swift in Sources */,
				68CDB65229C04AE70076DAEB /* UIWindowExtension.swift in Sources */,
				68C6D08229EE7D4900022D89 /* UITableViewExtension.swift in Sources */,
				6825A11329C410A000D08755 /* BluetoothDevice.swift in Sources */,
				686FA43929BACF6000DDC5A6 /* AVAudioPCMBufferExtension.swift in Sources */,
				686FA43A29BACF6000DDC5A6 /* UITextFieldExtension.swift in Sources */,
				686FA44529BADB2700DDC5A6 /* ResponseErrorModel.swift in Sources */,
				686FA44029BAD5C400DDC5A6 /* GlobalUtils.swift in Sources */,
				68CDB65429C04AFF0076DAEB /* UIntExtension.swift in Sources */,
				68CDB65629C04B200076DAEB /* StringExtension.swift in Sources */,
				686FA43D29BACF6000DDC5A6 /* DataExtension.swift in Sources */,
				6825A11529C43A8700D08755 /* BaseBluetoothManager.swift in Sources */,
				68CDB64E29C04AB60076DAEB /* UIViewExtension.swift in Sources */,
				68E46E9329D1281400E6B3B7 /* UserDefaultsExtension.swift in Sources */,
				686FA44229BAD81800DDC5A6 /* BaseAPI.swift in Sources */,
			);
			runOnlyForDeploymentPostprocessing = 0;
		};
/* End PBXSourcesBuildPhase section */

/* Begin XCBuildConfiguration section */
		686FA3B729BACAA800DDC5A6 /* Debug */ = {
			isa = XCBuildConfiguration;
			buildSettings = {
				ALWAYS_SEARCH_USER_PATHS = NO;
				CLANG_ANALYZER_NONNULL = YES;
				CLANG_ANALYZER_NUMBER_OBJECT_CONVERSION = YES_AGGRESSIVE;
				CLANG_CXX_LANGUAGE_STANDARD = "gnu++20";
				CLANG_ENABLE_MODULES = YES;
				CLANG_ENABLE_OBJC_ARC = YES;
				CLANG_ENABLE_OBJC_WEAK = YES;
				CLANG_WARN_BLOCK_CAPTURE_AUTORELEASING = YES;
				CLANG_WARN_BOOL_CONVERSION = YES;
				CLANG_WARN_COMMA = YES;
				CLANG_WARN_CONSTANT_CONVERSION = YES;
				CLANG_WARN_DEPRECATED_OBJC_IMPLEMENTATIONS = YES;
				CLANG_WARN_DIRECT_OBJC_ISA_USAGE = YES_ERROR;
				CLANG_WARN_DOCUMENTATION_COMMENTS = YES;
				CLANG_WARN_EMPTY_BODY = YES;
				CLANG_WARN_ENUM_CONVERSION = YES;
				CLANG_WARN_INFINITE_RECURSION = YES;
				CLANG_WARN_INT_CONVERSION = YES;
				CLANG_WARN_NON_LITERAL_NULL_CONVERSION = YES;
				CLANG_WARN_OBJC_IMPLICIT_RETAIN_SELF = YES;
				CLANG_WARN_OBJC_LITERAL_CONVERSION = YES;
				CLANG_WARN_OBJC_ROOT_CLASS = YES_ERROR;
				CLANG_WARN_QUOTED_INCLUDE_IN_FRAMEWORK_HEADER = YES;
				CLANG_WARN_RANGE_LOOP_ANALYSIS = YES;
				CLANG_WARN_STRICT_PROTOTYPES = YES;
				CLANG_WARN_SUSPICIOUS_MOVE = YES;
				CLANG_WARN_UNGUARDED_AVAILABILITY = YES_AGGRESSIVE;
				CLANG_WARN_UNREACHABLE_CODE = YES;
				CLANG_WARN__DUPLICATE_METHOD_MATCH = YES;
				COPY_PHASE_STRIP = NO;
				CURRENT_PROJECT_VERSION = 1;
				DEBUG_INFORMATION_FORMAT = dwarf;
				ENABLE_STRICT_OBJC_MSGSEND = YES;
				ENABLE_TESTABILITY = YES;
				GCC_C_LANGUAGE_STANDARD = gnu11;
				GCC_DYNAMIC_NO_PIC = NO;
				GCC_NO_COMMON_BLOCKS = YES;
				GCC_OPTIMIZATION_LEVEL = 0;
				GCC_PREPROCESSOR_DEFINITIONS = (
					"DEBUG=1",
					"$(inherited)",
				);
				GCC_WARN_64_TO_32_BIT_CONVERSION = YES;
				GCC_WARN_ABOUT_RETURN_TYPE = YES_ERROR;
				GCC_WARN_UNDECLARED_SELECTOR = YES;
				GCC_WARN_UNINITIALIZED_AUTOS = YES_AGGRESSIVE;
				GCC_WARN_UNUSED_FUNCTION = YES;
				GCC_WARN_UNUSED_VARIABLE = YES;
				IPHONEOS_DEPLOYMENT_TARGET = 16.2;
				MTL_ENABLE_DEBUG_INFO = INCLUDE_SOURCE;
				MTL_FAST_MATH = YES;
				ONLY_ACTIVE_ARCH = YES;
				SDKROOT = iphoneos;
				SWIFT_ACTIVE_COMPILATION_CONDITIONS = DEBUG;
				SWIFT_OPTIMIZATION_LEVEL = "-Onone";
				VERSIONING_SYSTEM = "apple-generic";
				VERSION_INFO_PREFIX = "";
			};
			name = Debug;
		};
		686FA3B829BACAA800DDC5A6 /* Release */ = {
			isa = XCBuildConfiguration;
			buildSettings = {
				ALWAYS_SEARCH_USER_PATHS = NO;
				CLANG_ANALYZER_NONNULL = YES;
				CLANG_ANALYZER_NUMBER_OBJECT_CONVERSION = YES_AGGRESSIVE;
				CLANG_CXX_LANGUAGE_STANDARD = "gnu++20";
				CLANG_ENABLE_MODULES = YES;
				CLANG_ENABLE_OBJC_ARC = YES;
				CLANG_ENABLE_OBJC_WEAK = YES;
				CLANG_WARN_BLOCK_CAPTURE_AUTORELEASING = YES;
				CLANG_WARN_BOOL_CONVERSION = YES;
				CLANG_WARN_COMMA = YES;
				CLANG_WARN_CONSTANT_CONVERSION = YES;
				CLANG_WARN_DEPRECATED_OBJC_IMPLEMENTATIONS = YES;
				CLANG_WARN_DIRECT_OBJC_ISA_USAGE = YES_ERROR;
				CLANG_WARN_DOCUMENTATION_COMMENTS = YES;
				CLANG_WARN_EMPTY_BODY = YES;
				CLANG_WARN_ENUM_CONVERSION = YES;
				CLANG_WARN_INFINITE_RECURSION = YES;
				CLANG_WARN_INT_CONVERSION = YES;
				CLANG_WARN_NON_LITERAL_NULL_CONVERSION = YES;
				CLANG_WARN_OBJC_IMPLICIT_RETAIN_SELF = YES;
				CLANG_WARN_OBJC_LITERAL_CONVERSION = YES;
				CLANG_WARN_OBJC_ROOT_CLASS = YES_ERROR;
				CLANG_WARN_QUOTED_INCLUDE_IN_FRAMEWORK_HEADER = YES;
				CLANG_WARN_RANGE_LOOP_ANALYSIS = YES;
				CLANG_WARN_STRICT_PROTOTYPES = YES;
				CLANG_WARN_SUSPICIOUS_MOVE = YES;
				CLANG_WARN_UNGUARDED_AVAILABILITY = YES_AGGRESSIVE;
				CLANG_WARN_UNREACHABLE_CODE = YES;
				CLANG_WARN__DUPLICATE_METHOD_MATCH = YES;
				COPY_PHASE_STRIP = NO;
				CURRENT_PROJECT_VERSION = 1;
				DEBUG_INFORMATION_FORMAT = "dwarf-with-dsym";
				ENABLE_NS_ASSERTIONS = NO;
				ENABLE_STRICT_OBJC_MSGSEND = YES;
				GCC_C_LANGUAGE_STANDARD = gnu11;
				GCC_NO_COMMON_BLOCKS = YES;
				GCC_WARN_64_TO_32_BIT_CONVERSION = YES;
				GCC_WARN_ABOUT_RETURN_TYPE = YES_ERROR;
				GCC_WARN_UNDECLARED_SELECTOR = YES;
				GCC_WARN_UNINITIALIZED_AUTOS = YES_AGGRESSIVE;
				GCC_WARN_UNUSED_FUNCTION = YES;
				GCC_WARN_UNUSED_VARIABLE = YES;
				IPHONEOS_DEPLOYMENT_TARGET = 16.2;
				MTL_ENABLE_DEBUG_INFO = NO;
				MTL_FAST_MATH = YES;
				SDKROOT = iphoneos;
				SWIFT_COMPILATION_MODE = wholemodule;
				SWIFT_OPTIMIZATION_LEVEL = "-O";
				VALIDATE_PRODUCT = YES;
				VERSIONING_SYSTEM = "apple-generic";
				VERSION_INFO_PREFIX = "";
			};
			name = Release;
		};
		686FA3BA29BACAA800DDC5A6 /* Debug */ = {
			isa = XCBuildConfiguration;
			baseConfigurationReference = A083BE52F5E9A089EB32391C /* Pods-SamUtils.debug.xcconfig */;
			buildSettings = {
				CLANG_ENABLE_MODULES = YES;
				CODE_SIGN_STYLE = Automatic;
				CURRENT_PROJECT_VERSION = 6;
				DEFINES_MODULE = YES;
				DEVELOPMENT_TEAM = E2ZGHA3NG6;
				DYLIB_COMPATIBILITY_VERSION = 1;
				DYLIB_CURRENT_VERSION = 1;
				DYLIB_INSTALL_NAME_BASE = "@rpath";
				GENERATE_INFOPLIST_FILE = YES;
				INFOPLIST_KEY_NSHumanReadableCopyright = "";
				INSTALL_PATH = "$(LOCAL_LIBRARY_DIR)/Frameworks";
				IPHONEOS_DEPLOYMENT_TARGET = 13.0;
				LD_RUNPATH_SEARCH_PATHS = (
					"$(inherited)",
					"@executable_path/Frameworks",
					"@loader_path/Frameworks",
				);
				MARKETING_VERSION = 0.0.6;
				PRODUCT_BUNDLE_IDENTIFIER = com.sam.du.SamUtils;
				PRODUCT_NAME = "$(TARGET_NAME:c99extidentifier)";
				SKIP_INSTALL = YES;
				SWIFT_EMIT_LOC_STRINGS = YES;
				SWIFT_OPTIMIZATION_LEVEL = "-Onone";
				SWIFT_VERSION = 5.0;
				TARGETED_DEVICE_FAMILY = "1,2";
			};
			name = Debug;
		};
		686FA3BB29BACAA800DDC5A6 /* Release */ = {
			isa = XCBuildConfiguration;
			baseConfigurationReference = 4AFAC1AE96C553CC675B1586 /* Pods-SamUtils.release.xcconfig */;
			buildSettings = {
				CLANG_ENABLE_MODULES = YES;
				CODE_SIGN_STYLE = Automatic;
				CURRENT_PROJECT_VERSION = 6;
				DEFINES_MODULE = YES;
				DEVELOPMENT_TEAM = E2ZGHA3NG6;
				DYLIB_COMPATIBILITY_VERSION = 1;
				DYLIB_CURRENT_VERSION = 1;
				DYLIB_INSTALL_NAME_BASE = "@rpath";
				GENERATE_INFOPLIST_FILE = YES;
				INFOPLIST_KEY_NSHumanReadableCopyright = "";
				INSTALL_PATH = "$(LOCAL_LIBRARY_DIR)/Frameworks";
				IPHONEOS_DEPLOYMENT_TARGET = 13.0;
				LD_RUNPATH_SEARCH_PATHS = (
					"$(inherited)",
					"@executable_path/Frameworks",
					"@loader_path/Frameworks",
				);
				MARKETING_VERSION = 0.0.6;
				PRODUCT_BUNDLE_IDENTIFIER = com.sam.du.SamUtils;
				PRODUCT_NAME = "$(TARGET_NAME:c99extidentifier)";
				SKIP_INSTALL = YES;
				SWIFT_EMIT_LOC_STRINGS = YES;
				SWIFT_VERSION = 5.0;
				TARGETED_DEVICE_FAMILY = "1,2";
			};
			name = Release;
		};
/* End XCBuildConfiguration section */

/* Begin XCConfigurationList section */
		686FA3AC29BACAA800DDC5A6 /* Build configuration list for PBXProject "SamUtils" */ = {
			isa = XCConfigurationList;
			buildConfigurations = (
				686FA3B729BACAA800DDC5A6 /* Debug */,
				686FA3B829BACAA800DDC5A6 /* Release */,
			);
			defaultConfigurationIsVisible = 0;
			defaultConfigurationName = Release;
		};
		686FA3B929BACAA800DDC5A6 /* Build configuration list for PBXNativeTarget "SamUtils" */ = {
			isa = XCConfigurationList;
			buildConfigurations = (
				686FA3BA29BACAA800DDC5A6 /* Debug */,
				686FA3BB29BACAA800DDC5A6 /* Release */,
			);
			defaultConfigurationIsVisible = 0;
			defaultConfigurationName = Release;
		};
/* End XCConfigurationList section */
	};
	rootObject = 686FA3A929BACAA800DDC5A6 /* Project object */;
}
